
Microsoft Visual Studio Solution File, Format Version 12.00
# Visual Studio Version 16
VisualStudioVersion = 25.0.1706.14
MinimumVisualStudioVersion = 10.0.40219.1
Project("{FAE04EC0-301F-11D3-BF4B-00C04F79EFBC}") = "Expenses.WebApi", "Expenses.WebApi\Expenses.WebApi.csproj", "{1E5BAA06-54F9-4952-8CF0-980682CCAEE3}"
EndProject
Project("{FAE04EC0-301F-11D3-BF4B-00C04F79EFBC}") = "Expenses.DB", "Expenses.DB\Expenses.DB.csproj", "{AA157981-6A9C-4B53-9A78-9F4638D3E1DD}"
EndProject
Project("{FAE04EC0-301F-11D3-BF4B-00C04F79EFBC}") = "Expenses.Core", "Expenses.Core\Expenses.Core.csproj", "{ACC09162-60A8-4054-B1BC-15FC786A52F1}"
EndProject
Global
	GlobalSection(SolutionConfigurationPlatforms) = preSolution
		Debug|Any CPU = Debug|Any CPU
		Release|Any CPU = Release|Any CPU
	EndGlobalSection
	GlobalSection(ProjectConfigurationPlatforms) = postSolution
		{1E5BAA06-54F9-4952-8CF0-980682CCAEE3}.Debug|Any CPU.ActiveCfg = Debug|Any CPU
		{1E5BAA06-54F9-4952-8CF0-980682CCAEE3}.Debug|Any CPU.Build.0 = Debug|Any CPU
		{1E5BAA06-54F9-4952-8CF0-980682CCAEE3}.Release|Any CPU.ActiveCfg = Release|Any CPU
		{1E5BAA06-54F9-4952-8CF0-980682CCAEE3}.Release|Any CPU.Build.0 = Release|Any CPU
		{AA157981-6A9C-4B53-9A78-9F4638D3E1DD}.Debug|Any CPU.ActiveCfg = Debug|Any CPU
		{AA157981-6A9C-4B53-9A78-9F4638D3E1DD}.Debug|Any CPU.Build.0 = Debug|Any CPU
		{AA157981-6A9C-4B53-9A78-9F4638D3E1DD}.Release|Any CPU.ActiveCfg = Release|Any CPU
		{AA157981-6A9C-4B53-9A78-9F4638D3E1DD}.Release|Any CPU.Build.0 = Release|Any CPU
		{ACC09162-60A8-4054-B1BC-15FC786A52F1}.Debug|Any CPU.ActiveCfg = Debug|Any CPU
		{ACC09162-60A8-4054-B1BC-15FC786A52F1}.Debug|Any CPU.Build.0 = Debug|Any CPU
		{ACC09162-60A8-4054-B1BC-15FC786A52F1}.Release|Any CPU.ActiveCfg = Release|Any CPU
		{ACC09162-60A8-4054-B1BC-15FC786A52F1}.Release|Any CPU.Build.0 = Release|Any CPU
	EndGlobalSection
	GlobalSection(SolutionProperties) = preSolution
		HideSolutionNode = FALSE
	EndGlobalSection
	GlobalSection(ExtensibilityGlobals) = postSolution
		SolutionGuid = {1068EC0D-0E4D-455E-8072-123D9A5CB5ED}
	EndGlobalSection
EndGlobal
